PODS:
  - SpinWheelControl (0.2.0)
  - YelpAPI (3.0.0)

DEPENDENCIES:
  - SpinWheelControl
  - YelpAPI

SPEC REPOS:
  trunk:
    - SpinWheelControl
    - YelpAPI

SPEC CHECKSUMS:
  SpinWheelControl: f6e828dfe1a53e982cc3e2e1824c668c99286a9b
  YelpAPI: 9ae0ee45b998d306c1aff9b2d966dc23121f191e

PODFILE CHECKSUM: 321c6295b68011a4dfd8c5a99d445a2addd32c4a

COCOAPODS: 1.9.1
